
Microsoft Visual Studio Solution File, Format Version 12.00
# Visual Studio Version 17
VisualStudioVersion = 17.10.35004.147
MinimumVisualStudioVersion = 10.0.40219.1
Project("{9A19103F-16F7-4668-BE54-9A1E7A4F7556}") = "DeathPlayerGhosts", "DeathPlayerGhosts.csproj", "{DC372074-E88E-4900-9F0D-866F595C18BB}"
EndProject
Global
	GlobalSection(SolutionConfigurationPlatforms) = preSolution
		Debug|Any CPU = Debug|Any CPU
		Release|Any CPU = Release|Any CPU
	EndGlobalSection
	GlobalSection(ProjectConfigurationPlatforms) = postSolution
		{DC372074-E88E-4900-9F0D-866F595C18BB}.Debug|Any CPU.ActiveCfg = Debug|Any CPU
		{DC372074-E88E-4900-9F0D-866F595C18BB}.Debug|Any CPU.Build.0 = Debug|Any CPU
		{DC372074-E88E-4900-9F0D-866F595C18BB}.Release|Any CPU.ActiveCfg = Release|Any CPU
		{DC372074-E88E-4900-9F0D-866F595C18BB}.Release|Any CPU.Build.0 = Release|Any CPU
	EndGlobalSection
	GlobalSection(SolutionProperties) = preSolution
		HideSolutionNode = FALSE
	EndGlobalSection
	GlobalSection(ExtensibilityGlobals) = postSolution
		SolutionGuid = {81BC4CD6-199D-403F-96D9-B1203591093C}
	EndGlobalSection
EndGlobal
