
Microsoft Visual Studio Solution File, Format Version 12.00
# Visual Studio Version 17
VisualStudioVersion = 17.10.35004.147
MinimumVisualStudioVersion = 10.0.40219.1
Project("{9A19103F-16F7-4668-BE54-9A1E7A4F7556}") = "BiteDemCentipedes", "BiteDemCentipedes.csproj", "{531AF26E-4ED7-410F-BCE6-51DF299E5732}"
EndProject
Global
	GlobalSection(SolutionConfigurationPlatforms) = preSolution
		Debug|Any CPU = Debug|Any CPU
		Release|Any CPU = Release|Any CPU
	EndGlobalSection
	GlobalSection(ProjectConfigurationPlatforms) = postSolution
		{531AF26E-4ED7-410F-BCE6-51DF299E5732}.Debug|Any CPU.ActiveCfg = Debug|Any CPU
		{531AF26E-4ED7-410F-BCE6-51DF299E5732}.Debug|Any CPU.Build.0 = Debug|Any CPU
		{531AF26E-4ED7-410F-BCE6-51DF299E5732}.Release|Any CPU.ActiveCfg = Release|Any CPU
		{531AF26E-4ED7-410F-BCE6-51DF299E5732}.Release|Any CPU.Build.0 = Release|Any CPU
	EndGlobalSection
	GlobalSection(SolutionProperties) = preSolution
		HideSolutionNode = FALSE
	EndGlobalSection
	GlobalSection(ExtensibilityGlobals) = postSolution
		SolutionGuid = {88ED43DF-7502-4EE5-8A6B-AD4E8BB5DC45}
	EndGlobalSection
EndGlobal
